
Microsoft Visual Studio Solution File, Format Version 12.00
# Visual Studio Version 17
VisualStudioVersion = 17.10.35027.167
MinimumVisualStudioVersion = 10.0.40219.1
Project("{FAE04EC0-301F-11D3-BF4B-00C04F79EFBC}") = "ReleaseProject", "ReleaseProject\ReleaseProject.csproj", "{7A60279D-CA4A-48EB-BA01-09EBD69FF4F0}"
EndProject
Project("{2150E333-8FDC-42A3-9474-1A3956D46DE8}") = "UI", "UI", "{9B9A195C-BB68-4F88-81AC-8DAE341F76EB}"
EndProject
Project("{2150E333-8FDC-42A3-9474-1A3956D46DE8}") = "CORE", "CORE", "{D0DA31D4-E134-4CF9-9769-9AB5475EA47B}"
EndProject
Project("{2150E333-8FDC-42A3-9474-1A3956D46DE8}") = "DAL", "DAL", "{84FE8393-581B-43FC-AF00-AC18E454F8CD}"
EndProject
Project("{2150E333-8FDC-42A3-9474-1A3956D46DE8}") = "BL", "BL", "{BF7A7115-065A-42CE-8EBA-CBA1230E16A3}"
EndProject
Project("{FAE04EC0-301F-11D3-BF4B-00C04F79EFBC}") = "DAL", "DAL\DAL.csproj", "{79E981F3-C464-4DFA-91A2-E1C6951C3280}"
EndProject
Project("{FAE04EC0-301F-11D3-BF4B-00C04F79EFBC}") = "Service", "Service\Service.csproj", "{C3ADD2DD-1ACC-4816-879E-5DE2DD202206}"
EndProject
Project("{FAE04EC0-301F-11D3-BF4B-00C04F79EFBC}") = "Models", "Models\Models.csproj", "{03139F08-A2FF-427F-8C9D-85ADEAFBD2BF}"
EndProject
Global
	GlobalSection(SolutionConfigurationPlatforms) = preSolution
		Debug|Any CPU = Debug|Any CPU
		Release|Any CPU = Release|Any CPU
	EndGlobalSection
	GlobalSection(ProjectConfigurationPlatforms) = postSolution
		{7A60279D-CA4A-48EB-BA01-09EBD69FF4F0}.Debug|Any CPU.ActiveCfg = Debug|Any CPU
		{7A60279D-CA4A-48EB-BA01-09EBD69FF4F0}.Debug|Any CPU.Build.0 = Debug|Any CPU
		{7A60279D-CA4A-48EB-BA01-09EBD69FF4F0}.Release|Any CPU.ActiveCfg = Release|Any CPU
		{7A60279D-CA4A-48EB-BA01-09EBD69FF4F0}.Release|Any CPU.Build.0 = Release|Any CPU
		{79E981F3-C464-4DFA-91A2-E1C6951C3280}.Debug|Any CPU.ActiveCfg = Debug|Any CPU
		{79E981F3-C464-4DFA-91A2-E1C6951C3280}.Debug|Any CPU.Build.0 = Debug|Any CPU
		{79E981F3-C464-4DFA-91A2-E1C6951C3280}.Release|Any CPU.ActiveCfg = Release|Any CPU
		{79E981F3-C464-4DFA-91A2-E1C6951C3280}.Release|Any CPU.Build.0 = Release|Any CPU
		{C3ADD2DD-1ACC-4816-879E-5DE2DD202206}.Debug|Any CPU.ActiveCfg = Debug|Any CPU
		{C3ADD2DD-1ACC-4816-879E-5DE2DD202206}.Debug|Any CPU.Build.0 = Debug|Any CPU
		{C3ADD2DD-1ACC-4816-879E-5DE2DD202206}.Release|Any CPU.ActiveCfg = Release|Any CPU
		{C3ADD2DD-1ACC-4816-879E-5DE2DD202206}.Release|Any CPU.Build.0 = Release|Any CPU
		{03139F08-A2FF-427F-8C9D-85ADEAFBD2BF}.Debug|Any CPU.ActiveCfg = Debug|Any CPU
		{03139F08-A2FF-427F-8C9D-85ADEAFBD2BF}.Debug|Any CPU.Build.0 = Debug|Any CPU
		{03139F08-A2FF-427F-8C9D-85ADEAFBD2BF}.Release|Any CPU.ActiveCfg = Release|Any CPU
		{03139F08-A2FF-427F-8C9D-85ADEAFBD2BF}.Release|Any CPU.Build.0 = Release|Any CPU
	EndGlobalSection
	GlobalSection(SolutionProperties) = preSolution
		HideSolutionNode = FALSE
	EndGlobalSection
	GlobalSection(NestedProjects) = preSolution
		{7A60279D-CA4A-48EB-BA01-09EBD69FF4F0} = {9B9A195C-BB68-4F88-81AC-8DAE341F76EB}
		{79E981F3-C464-4DFA-91A2-E1C6951C3280} = {84FE8393-581B-43FC-AF00-AC18E454F8CD}
		{C3ADD2DD-1ACC-4816-879E-5DE2DD202206} = {84FE8393-581B-43FC-AF00-AC18E454F8CD}
		{03139F08-A2FF-427F-8C9D-85ADEAFBD2BF} = {D0DA31D4-E134-4CF9-9769-9AB5475EA47B}
	EndGlobalSection
	GlobalSection(ExtensibilityGlobals) = postSolution
		SolutionGuid = {E4F9CD5F-A285-4F89-8392-B433602E0ACA}
	EndGlobalSection
EndGlobal
